
Microsoft Visual Studio Solution File, Format Version 12.00
# Visual Studio 15
VisualStudioVersion = 15.0.33026.149
MinimumVisualStudioVersion = 10.0.40219.1
Project("{8BC9CEB8-8B4A-11D0-8D11-00A0C91BC942}") = "InverseKinematics-6DOF-allRot", "InverseKinematics-6DOF-allRot\InverseKinematics-6DOF-allRot.vcxproj", "{50EA5D3E-A004-470D-8209-21B237800169}"
EndProject
Global
	GlobalSection(SolutionConfigurationPlatforms) = preSolution
		Debug|x64 = Debug|x64
		Debug|x86 = Debug|x86
		Release|x64 = Release|x64
		Release|x86 = Release|x86
	EndGlobalSection
	GlobalSection(ProjectConfigurationPlatforms) = postSolution
		{50EA5D3E-A004-470D-8209-21B237800169}.Debug|x64.ActiveCfg = Debug|x64
		{50EA5D3E-A004-470D-8209-21B237800169}.Debug|x64.Build.0 = Debug|x64
		{50EA5D3E-A004-470D-8209-21B237800169}.Debug|x86.ActiveCfg = Debug|Win32
		{50EA5D3E-A004-470D-8209-21B237800169}.Debug|x86.Build.0 = Debug|Win32
		{50EA5D3E-A004-470D-8209-21B237800169}.Release|x64.ActiveCfg = Release|x64
		{50EA5D3E-A004-470D-8209-21B237800169}.Release|x64.Build.0 = Release|x64
		{50EA5D3E-A004-470D-8209-21B237800169}.Release|x86.ActiveCfg = Release|Win32
		{50EA5D3E-A004-470D-8209-21B237800169}.Release|x86.Build.0 = Release|Win32
	EndGlobalSection
	GlobalSection(SolutionProperties) = preSolution
		HideSolutionNode = FALSE
	EndGlobalSection
	GlobalSection(ExtensibilityGlobals) = postSolution
		SolutionGuid = {CAB07AEB-D288-4685-A815-1DCC60124253}
	EndGlobalSection
EndGlobal
